<?xml version="1.0" encoding="utf-8"?>
<Project ToolsVersion="4.0" xmlns="http://schemas.microsoft.com/developer/msbuild/2003">
  <ItemGroup>
    <Filter Include="源文件">
      <UniqueIdentifier>{4FC737F1-C7A5-4376-A066-2A32D752A2FF}</UniqueIdentifier>
      <Extensions>cpp;c;cc;cxx;def;odl;idl;hpj;bat;asm;asmx</Extensions>
    </Filter>
    <Filter Include="头文件">
      <UniqueIdentifier>{93995380-89BD-4b04-88EB-625FBE52EBFB}</UniqueIdentifier>
      <Extensions>h;hpp;hxx;hm;inl;inc;xsd</Extensions>
    </Filter>
    <Filter Include="资源文件">
      <UniqueIdentifier>{67DA6AB6-F800-4c08-8B7A-83BB121AAD01}</UniqueIdentifier>
      <Extensions>rc;ico;cur;bmp;dlg;rc2;rct;bin;rgs;gif;jpg;jpeg;jpe;resx;tiff;tif;png;wav;mfcribbon-ms</Extensions>
    </Filter>
    <Filter Include="FX">
      <UniqueIdentifier>{f2a1e0ac-7c99-4fe5-9bf2-1d6f5984f9a3}</UniqueIdentifier>
    </Filter>
  </ItemGroup>
  <ItemGroup>
    <ClInclude Include="D3DClass.h">
      <Filter>头文件</Filter>
    </ClInclude>
    <ClInclude Include="TextureClass.h">
      <Filter>头文件</Filter>
    </ClInclude>
    <ClInclude Include="InputClass.h">
      <Filter>头文件</Filter>
    </ClInclude>
    <ClInclude Include="ApplicationClass.h">
      <Filter>头文件</Filter>
    </ClInclude>
    <ClInclude Include="MathHelper.h">
      <Filter>头文件</Filter>
    </ClInclude>
    <ClInclude Include="SystemClass.h">
      <Filter>头文件</Filter>
    </ClInclude>
    <ClInclude Include="Common.h">
      <Filter>头文件</Filter>
    </ClInclude>
    <ClInclude Include="LightHelper.h">
      <Filter>头文件</Filter>
    </ClInclude>
    <ClInclude Include="GeometryGenerator.h">
      <Filter>头文件</Filter>
    </ClInclude>
    <ClInclude Include="CameraClass.h">
      <Filter>头文件</Filter>
    </ClInclude>
    <ClInclude Include="TestModelShading.h">
      <Filter>头文件</Filter>
    </ClInclude>
    <ClInclude Include="TestModel.h">
      <Filter>头文件</Filter>
    </ClInclude>
    <ClInclude Include="BumpmapsShaderClass.h">
      <Filter>头文件</Filter>
    </ClInclude>
    <ClInclude Include="BumpmapsModelClass.h">
      <Filter>头文件</Filter>
    </ClInclude>
    <ClInclude Include="LightClass.h">
      <Filter>头文件</Filter>
    </ClInclude>
    <ClInclude Include="TextureShaderClass.h">
      <Filter>头文件</Filter>
    </ClInclude>
    <ClInclude Include="LightShaderClass.h">
      <Filter>头文件</Filter>
    </ClInclude>
    <ClInclude Include="ShaderManagerClass.h">
      <Filter>头文件</Filter>
    </ClInclude>
    <ClInclude Include="ModelClass.h">
      <Filter>头文件</Filter>
    </ClInclude>
  </ItemGroup>
  <ItemGroup>
    <ClCompile Include="D3DClass.cpp">
      <Filter>源文件</Filter>
    </ClCompile>
    <ClCompile Include="TextureClass.cpp">
      <Filter>源文件</Filter>
    </ClCompile>
    <ClCompile Include="InputClass.cpp">
      <Filter>源文件</Filter>
    </ClCompile>
    <ClCompile Include="ApplicationClass.cpp">
      <Filter>源文件</Filter>
    </ClCompile>
    <ClCompile Include="MathHelper.cpp">
      <Filter>源文件</Filter>
    </ClCompile>
    <ClCompile Include="main.cpp">
      <Filter>源文件</Filter>
    </ClCompile>
    <ClCompile Include="SystemClass.cpp">
      <Filter>源文件</Filter>
    </ClCompile>
    <ClCompile Include="GeometryGenerator.cpp">
      <Filter>源文件</Filter>
    </ClCompile>
    <ClCompile Include="CameraClass.cpp">
      <Filter>源文件</Filter>
    </ClCompile>
    <ClCompile Include="TestModelShading.cpp">
      <Filter>源文件</Filter>
    </ClCompile>
    <ClCompile Include="TestModel.cpp">
      <Filter>源文件</Filter>
    </ClCompile>
    <ClCompile Include="BumpmapsShaderClass.cpp">
      <Filter>源文件</Filter>
    </ClCompile>
    <ClCompile Include="BumpmapsModelClass.cpp">
      <Filter>源文件</Filter>
    </ClCompile>
    <ClCompile Include="LightClass.cpp">
      <Filter>源文件</Filter>
    </ClCompile>
    <ClCompile Include="TextureShaderClass.cpp">
      <Filter>源文件</Filter>
    </ClCompile>
    <ClCompile Include="LightShaderClass.cpp">
      <Filter>源文件</Filter>
    </ClCompile>
    <ClCompile Include="ShaderManagerClass.cpp">
      <Filter>源文件</Filter>
    </ClCompile>
    <ClCompile Include="ModelClass.cpp">
      <Filter>源文件</Filter>
    </ClCompile>
  </ItemGroup>
  <ItemGroup>
    <None Include="..\Engine\texture.fx">
      <Filter>FX</Filter>
    </None>
    <None Include="..\Engine\bumpmap.fx">
      <Filter>FX</Filter>
    </None>
    <None Include="..\Engine\light.fx">
      <Filter>FX</Filter>
    </None>
  </ItemGroup>
</Project>